
Microsoft Visual Studio Solution File, Format Version 12.00
# Visual Studio Version 17
VisualStudioVersion = 17.6.33801.468
MinimumVisualStudioVersion = 10.0.40219.1
Project("{FAE04EC0-301F-11D3-BF4B-00C04F79EFBC}") = "WebShop", "WebShop\WebShop.csproj", "{E2E48678-1484-419A-8FF0-C47409AA38AD}"
EndProject
Global
	GlobalSection(SolutionConfigurationPlatforms) = preSolution
		Debug|Any CPU = Debug|Any CPU
		Release|Any CPU = Release|Any CPU
	EndGlobalSection
	GlobalSection(ProjectConfigurationPlatforms) = postSolution
		{E2E48678-1484-419A-8FF0-C47409AA38AD}.Debug|Any CPU.ActiveCfg = Debug|Any CPU
		{E2E48678-1484-419A-8FF0-C47409AA38AD}.Debug|Any CPU.Build.0 = Debug|Any CPU
		{E2E48678-1484-419A-8FF0-C47409AA38AD}.Release|Any CPU.ActiveCfg = Release|Any CPU
		{E2E48678-1484-419A-8FF0-C47409AA38AD}.Release|Any CPU.Build.0 = Release|Any CPU
	EndGlobalSection
	GlobalSection(SolutionProperties) = preSolution
		HideSolutionNode = FALSE
	EndGlobalSection
	GlobalSection(ExtensibilityGlobals) = postSolution
		SolutionGuid = {8922BFF5-F667-41C0-807A-ECEB82E4EE73}
	EndGlobalSection
EndGlobal
